
Microsoft Visual Studio Solution File, Format Version 12.00
# Visual Studio Version 17
VisualStudioVersion = 17.5.002.0
MinimumVisualStudioVersion = 10.0.40219.1
Project("{9A19103F-16F7-4668-BE54-9A1E7A4F7556}") = "Azure Function", "Azure Function.csproj", "{2EF9D867-8246-46B8-8F55-F6467237B512}"
EndProject
Global
	GlobalSection(SolutionConfigurationPlatforms) = preSolution
		Debug|Any CPU = Debug|Any CPU
		Release|Any CPU = Release|Any CPU
	EndGlobalSection
	GlobalSection(ProjectConfigurationPlatforms) = postSolution
		{2EF9D867-8246-46B8-8F55-F6467237B512}.Debug|Any CPU.ActiveCfg = Debug|Any CPU
		{2EF9D867-8246-46B8-8F55-F6467237B512}.Debug|Any CPU.Build.0 = Debug|Any CPU
		{2EF9D867-8246-46B8-8F55-F6467237B512}.Release|Any CPU.ActiveCfg = Release|Any CPU
		{2EF9D867-8246-46B8-8F55-F6467237B512}.Release|Any CPU.Build.0 = Release|Any CPU
	EndGlobalSection
	GlobalSection(SolutionProperties) = preSolution
		HideSolutionNode = FALSE
	EndGlobalSection
	GlobalSection(ExtensibilityGlobals) = postSolution
		SolutionGuid = {5462C3E8-0B29-4D55-A317-9BAB9FFEB452}
	EndGlobalSection
EndGlobal
